
Microsoft Visual Studio Solution File, Format Version 11.00
# Visual Studio 2010
Project("{8BC9CEB8-8B4A-11D0-8D11-00A0C91BC942}") = "Program1", "Program1\Program1.vcxproj", "{BB710DA6-8796-47D8-9A24-0C0683B52D7C}"
EndProject
Project("{8BC9CEB8-8B4A-11D0-8D11-00A0C91BC942}") = "Intersection Testing", "Intersection Testing\Intersection Testing.vcxproj", "{2F082A5B-7016-4EE3-AED1-3EA5FFD6ADE0}"
EndProject
Global
	GlobalSection(SolutionConfigurationPlatforms) = preSolution
		Debug|Win32 = Debug|Win32
		Release|Win32 = Release|Win32
	EndGlobalSection
	GlobalSection(ProjectConfigurationPlatforms) = postSolution
		{BB710DA6-8796-47D8-9A24-0C0683B52D7C}.Debug|Win32.ActiveCfg = Debug|Win32
		{BB710DA6-8796-47D8-9A24-0C0683B52D7C}.Debug|Win32.Build.0 = Debug|Win32
		{BB710DA6-8796-47D8-9A24-0C0683B52D7C}.Release|Win32.ActiveCfg = Release|Win32
		{BB710DA6-8796-47D8-9A24-0C0683B52D7C}.Release|Win32.Build.0 = Release|Win32
		{2F082A5B-7016-4EE3-AED1-3EA5FFD6ADE0}.Debug|Win32.ActiveCfg = Debug|Win32
		{2F082A5B-7016-4EE3-AED1-3EA5FFD6ADE0}.Debug|Win32.Build.0 = Debug|Win32
		{2F082A5B-7016-4EE3-AED1-3EA5FFD6ADE0}.Release|Win32.ActiveCfg = Release|Win32
		{2F082A5B-7016-4EE3-AED1-3EA5FFD6ADE0}.Release|Win32.Build.0 = Release|Win32
	EndGlobalSection
	GlobalSection(SolutionProperties) = preSolution
		HideSolutionNode = FALSE
	EndGlobalSection
EndGlobal
